uuid: 2e9ee46f-664e-4966-9873-bc2e8b678357
langcode: en
status: true
dependencies:
  module:
    - marketo_js
  theme:
    - tieto_admin
id: marketojsformblock
theme: tieto_admin
region: content
weight: null
provider: null
plugin: marketo_js_form_block
settings:
  id: marketo_js_form_block
  label: 'MarketoJS Form Block'
  provider: marketo_js
  label_display: '0'
  block_example_string: 'A default value. This block was created at <em class="placeholder">2016-08-17T11:43:22+00:00</em>'
  marketo_code: '<div class="form-title">         Leave Us A Message     </div>     <form id="mktoForm_621" novalidate="novalidate" class="mktoForm mktoHasWidth mktoLayoutLeft">         <div class="mktoFormRow">             <div class="mktoFieldDescriptor mktoFormCol">                 <div class="mktoOffset"></div>                 <div class="mktoFieldWrap">                     <div class="mktoGutter mktoHasWidth"></div>                     <input id="Name" name="Name" placeholder="Your Name *" maxlength="255" type="text" class="mktoField mktoTextField mktoHasWidth mktoValid" />                     <div class="mktoClear"></div>                 </div>                 <div class="mktoClear"></div>             </div>             <div class="mktoClear"></div>         </div>         <div class="mktoFormRow">             <div class="mktoFieldDescriptor mktoFormCol">                 <div class="mktoOffset"></div>                 <div class="mktoFieldWrap">                     <div class="mktoGutter mktoHasWidth"></div>                     <input id="YourSubject" name="YourSubject" placeholder="Your Subject *" maxlength="255" type="text" class="mktoField mktoTextField mktoHasWidth mktoValid" />                     <div class="mktoClear"></div>                 </div>                 <div class="mktoClear"></div>             </div>             <div class="mktoClear"></div>         </div>         <div class="mktoFormRow">             <div class="mktoFieldDescriptor mktoFormCol">                 <div class="mktoOffset"></div>                 <div class="mktoFieldWrap">                     <div class="mktoGutter mktoHasWidth"></div>                     <input id="Email" name="Email" placeholder="Your E-mail *" maxlength="255" type="email" class="mktoField mktoEmailField mktoHasWidth">                     <div class="mktoClear"></div>                 </div>                 <div class="mktoClear"></div>             </div>             <div class="mktoClear"></div>         </div>         <div class="mktoFormRow">             <div class="mktoFieldDescriptor mktoFormCol">                 <div class="mktoOffset"></div>                 <div class="mktoFieldWrap">                     <div class="mktoGutter mktoHasWidth"></div>                     <input id="Phone" name="Phone" placeholder="Your Phone no.t" maxlength="255" type="tel" class="mktoField mktoTelField mktoHasWidth mktoValid">                     <div class="mktoClear"></div>                 </div>                 <div class="mktoClear"></div>             </div>         </div>         <div class="mktoFormRow">             <div class="mktoFieldDescriptor mktoFormCol">                 <div class="mktoOffset"></div>                 <div class="mktoFieldWrap">                     <div class="mktoGutter mktoHasWidth"></div>                     <textarea id="Form_Inquiry__c" name="Form_Inquiry__c" placeholder="Your Message.. * " rows="4" class="mktoField mktoHasWidth mktoValid" maxlength="32768"></textarea>                     <div class="mktoClear"></div>                 </div>                 <div class="mktoClear"></div>             </div>             <div class="mktoClear"></div>         </div>         <div class="mktoButtonRow">             <span class="mktoButtonWrap mktoArrowButton">                 <button type="submit" class="mktoButton">Send Message</button>             </span>         </div>         <input type="hidden" name="formid" class="mktoField mktoFieldDescriptor" value="621">         <input type="hidden" name="munchkinId" class="mktoField mktoFieldDescriptor" value="718-GIV-198">     </form>'
  marketo_form_raw_html: '<div class="form-title">         Leave Us A Message     </div>     <form id="mktoForm_621" novalidate="novalidate" class="mktoForm mktoHasWidth mktoLayoutLeft">         <div class="mktoFormRow">             <div class="mktoFieldDescriptor mktoFormCol">                 <div class="mktoOffset"></div>                 <div class="mktoFieldWrap">                     <div class="mktoGutter mktoHasWidth"></div>                     <input id="Name" name="Name" placeholder="Your Name *" maxlength="255" type="text" class="mktoField mktoTextField mktoHasWidth mktoValid" />                     <div class="mktoClear"></div>                 </div>                 <div class="mktoClear"></div>             </div>             <div class="mktoClear"></div>         </div>         <div class="mktoFormRow">             <div class="mktoFieldDescriptor mktoFormCol">                 <div class="mktoOffset"></div>                 <div class="mktoFieldWrap">                     <div class="mktoGutter mktoHasWidth"></div>                     <input id="YourSubject" name="YourSubject" placeholder="Your Subject *" maxlength="255" type="text" class="mktoField mktoTextField mktoHasWidth mktoValid" />                     <div class="mktoClear"></div>                 </div>                 <div class="mktoClear"></div>             </div>             <div class="mktoClear"></div>         </div>         <div class="mktoFormRow">             <div class="mktoFieldDescriptor mktoFormCol">                 <div class="mktoOffset"></div>                 <div class="mktoFieldWrap">                     <div class="mktoGutter mktoHasWidth"></div>                     <input id="Email" name="Email" placeholder="Your E-mail *" maxlength="255" type="email" class="mktoField mktoEmailField mktoHasWidth">                     <div class="mktoClear"></div>                 </div>                 <div class="mktoClear"></div>             </div>             <div class="mktoClear"></div>         </div>         <div class="mktoFormRow">             <div class="mktoFieldDescriptor mktoFormCol">                 <div class="mktoOffset"></div>                 <div class="mktoFieldWrap">                     <div class="mktoGutter mktoHasWidth"></div>                     <input id="Phone" name="Phone" placeholder="Your Phone no.t" maxlength="255" type="tel" class="mktoField mktoTelField mktoHasWidth mktoValid">                     <div class="mktoClear"></div>                 </div>                 <div class="mktoClear"></div>             </div>         </div>         <div class="mktoFormRow">             <div class="mktoFieldDescriptor mktoFormCol">                 <div class="mktoOffset"></div>                 <div class="mktoFieldWrap">                     <div class="mktoGutter mktoHasWidth"></div>                     <textarea id="Form_Inquiry__c" name="Form_Inquiry__c" placeholder="Your Message.. * " rows="4" class="mktoField mktoHasWidth mktoValid" maxlength="32768"></textarea>                     <div class="mktoClear"></div>                 </div>                 <div class="mktoClear"></div>             </div>             <div class="mktoClear"></div>         </div>         <div class="mktoButtonRow">             <span class="mktoButtonWrap mktoArrowButton">                 <button type="submit" class="mktoButton">Send Message</button>             </span>         </div>         <input type="hidden" name="formid" class="mktoField mktoFieldDescriptor" value="621">         <input type="hidden" name="munchkinId" class="mktoField mktoFieldDescriptor" value="718-GIV-198">     </form>'
visibility: {  }
