uuid: 77ba4e2f-4607-41e5-90f1-d6bd26e1792f
langcode: en
status: true
dependencies:
  module:
    - marketo_js
  theme:
    - tieto_admin
id: marketojsformblock
theme: tieto_admin
region: content
weight: null
provider: null
plugin: marketo_js_form_block
settings:
  id: marketo_js_form_block
  label: 'MarketoJS Form Block'
  provider: marketo_js
  label_display: visible
  block_example_string: 'A default value. This block was created at <em class="placeholder">2016-08-17T16:01:48+00:00</em>'
  marketo_form_raw_html: null
  marketo_js_form_id: '612'
  marketo_js_base_url: //app-sjqe.marketo.com
  marketo_js_munchkin_id: 718-GIV-198
visibility: {  }
